
Microsoft Visual Studio Solution File, Format Version 12.00
# Visual Studio Version 17
VisualStudioVersion = 17.14.36109.1 d17.14
MinimumVisualStudioVersion = 10.0.40219.1
Project("{FAE04EC0-301F-11D3-BF4B-00C04F79EFBC}") = "NextTaskWindowsForms", "NextTaskWindowsForms\NextTaskWindowsForms.csproj", "{FBC045FA-8635-4919-931A-5FF3B0DAE50B}"
EndProject
Global
	GlobalSection(SolutionConfigurationPlatforms) = preSolution
		Debug|Any CPU = Debug|Any CPU
		Release|Any CPU = Release|Any CPU
	EndGlobalSection
	GlobalSection(ProjectConfigurationPlatforms) = postSolution
		{FBC045FA-8635-4919-931A-5FF3B0DAE50B}.Debug|Any CPU.ActiveCfg = Debug|Any CPU
		{FBC045FA-8635-4919-931A-5FF3B0DAE50B}.Debug|Any CPU.Build.0 = Debug|Any CPU
		{FBC045FA-8635-4919-931A-5FF3B0DAE50B}.Release|Any CPU.ActiveCfg = Release|Any CPU
		{FBC045FA-8635-4919-931A-5FF3B0DAE50B}.Release|Any CPU.Build.0 = Release|Any CPU
	EndGlobalSection
	GlobalSection(SolutionProperties) = preSolution
		HideSolutionNode = FALSE
	EndGlobalSection
	GlobalSection(ExtensibilityGlobals) = postSolution
		SolutionGuid = {9FD90ADC-A2F5-412C-BA6C-3C523A248915}
	EndGlobalSection
EndGlobal
